{
  "name": "flutter_video_calls",
  "version": "1.0.0",
  "lockfileVersion": 1,
  "requires": true,
  "dependencies": {
    "@arkweid/lefthook": {
      "version": "0.7.6",
      "resolved": "https://registry.npmjs.org/@arkweid/lefthook/-/lefthook-0.7.6.tgz",
      "integrity": "sha512-dm8UE0+9sbDRFJ6BMYpOrg56W3/wpZq2eBkGsCM+iSBrEKQF8hXFZ4eEEBxo25yfEPNVZguN/FbZcRmkeCyRiA==",
      "dev": true
    }
  }
}
